PODS:
  - Capacitor (6.0.0):
    - CapacitorCordova
  - CapacitorCordova (6.0.0)
  - CapacitorPluginSafeArea (3.0.1):
    - Capacitor

DEPENDENCIES:
  - "Capacitor (from `../../node_modules/@capacitor/ios`)"
  - "CapacitorCordova (from `../../node_modules/@capacitor/ios`)"
  - CapacitorPluginSafeArea (from `../../node_modules/capacitor-plugin-safe-area`)

EXTERNAL SOURCES:
  Capacitor:
    :path: "../../node_modules/@capacitor/ios"
  CapacitorCordova:
    :path: "../../node_modules/@capacitor/ios"
  CapacitorPluginSafeArea:
    :path: "../../node_modules/capacitor-plugin-safe-area"

SPEC CHECKSUMS:
  Capacitor: 559d073c4ca6c27f8e7002c807eea94c3ba435a9
  CapacitorCordova: 8c4bfdf69368512e85b1d8b724dd7546abeb30af
  CapacitorPluginSafeArea: b99681e1d9986ae1c059ca0e1b5e7025916e5e04

PODFILE CHECKSUM: 589be250bfd03cb58f8a8079c5f90a5b133e28e9

COCOAPODS: 1.15.2
